<?xml version="1.0" encoding="utf-8"?>
<Project ToolsVersion="4.0" xmlns="http://schemas.microsoft.com/developer/msbuild/2003">
  <ItemGroup>
    <Filter Include="Source Files">
      <UniqueIdentifier>{4FC737F1-C7A5-4376-A066-2A32D752A2FF}</UniqueIdentifier>
      <Extensions>cpp;c;cc;cxx;c++;cppm;ixx;def;odl;idl;hpj;bat;asm;asmx</Extensions>
    </Filter>
    <Filter Include="Header Files">
      <UniqueIdentifier>{93995380-89BD-4b04-88EB-625FBE52EBFB}</UniqueIdentifier>
      <Extensions>h;hh;hpp;hxx;h++;hm;inl;inc;ipp;xsd</Extensions>
    </Filter>
    <Filter Include="Resource Files">
      <UniqueIdentifier>{67DA6AB6-F800-4c08-8B7A-83BB121AAD01}</UniqueIdentifier>
      <Extensions>rc;ico;cur;bmp;dlg;rc2;rct;bin;rgs;gif;jpg;jpeg;jpe;resx;tiff;tif;png;wav;mfcribbon-ms</Extensions>
    </Filter>
  </ItemGroup>
  <ItemGroup>
    <None Include="Resources\Shader\water_shader.frag">
      <Filter>Resource Files</Filter>
    </None>
  </ItemGroup>
  <ItemGroup>
    <Font Include="VCR_OSD_MONO_1.001.ttf">
      <Filter>Resource Files</Filter>
    </Font>
  </ItemGroup>
  <ItemGroup>
    <ClInclude Include="Scripts\Game.h">
      <Filter>Header Files</Filter>
    </ClInclude>
    <ClInclude Include="Scripts\Managers\AudioManager.h">
      <Filter>Header Files</Filter>
    </ClInclude>
    <ClInclude Include="Scripts\Managers\CollisionManager.h">
      <Filter>Header Files</Filter>
    </ClInclude>
    <ClInclude Include="Scripts\Managers\InputManager.h">
      <Filter>Header Files</Filter>
    </ClInclude>
    <ClInclude Include="Scripts\Managers\TextManager.h">
      <Filter>Header Files</Filter>
    </ClInclude>
    <ClInclude Include="Scripts\Systems\EnemySpawner.h">
      <Filter>Header Files</Filter>
    </ClInclude>
    <ClInclude Include="Scripts\Systems\PickupScatter.h">
      <Filter>Header Files</Filter>
    </ClInclude>
    <ClInclude Include="Scripts\Systems\StartScreens.h">
      <Filter>Header Files</Filter>
    </ClInclude>
    <ClInclude Include="Scripts\Gameplay\KrakenEnemy.h">
      <Filter>Header Files</Filter>
    </ClInclude>
    <ClInclude Include="Scripts\Gameplay\PlayerBoat.h">
      <Filter>Header Files</Filter>
    </ClInclude>
    <ClInclude Include="Scripts\Gameplay\PlayerHome.h">
      <Filter>Header Files</Filter>
    </ClInclude>
    <ClInclude Include="Scripts\Gameplay\VortexEnemy.h">
      <Filter>Header Files</Filter>
    </ClInclude>
    <ClInclude Include="Scripts\Gameplay\Waypoint.h">
      <Filter>Header Files</Filter>
    </ClInclude>
    <ClInclude Include="Scripts\Framework\BoxCollider.h">
      <Filter>Header Files</Filter>
    </ClInclude>
    <ClInclude Include="Scripts\Framework\Collider.h">
      <Filter>Header Files</Filter>
    </ClInclude>
    <ClInclude Include="Scripts\Framework\Enemy.h">
      <Filter>Header Files</Filter>
    </ClInclude>
    <ClInclude Include="Scripts\Framework\GameObject.h">
      <Filter>Header Files</Filter>
    </ClInclude>
    <ClInclude Include="Scripts\Framework\vec2.hpp">
      <Filter>Header Files</Filter>
    </ClInclude>
  </ItemGroup>
  <ItemGroup>
    <ClCompile Include="Scripts\Game.cpp">
      <Filter>Source Files</Filter>
    </ClCompile>
    <ClCompile Include="Scripts\Main.cpp">
      <Filter>Source Files</Filter>
    </ClCompile>
    <ClCompile Include="Scripts\Framework\BoxCollider.cpp">
      <Filter>Source Files</Filter>
    </ClCompile>
    <ClCompile Include="Scripts\Framework\Collider.cpp">
      <Filter>Source Files</Filter>
    </ClCompile>
    <ClCompile Include="Scripts\Framework\Enemy.cpp">
      <Filter>Source Files</Filter>
    </ClCompile>
    <ClCompile Include="Scripts\Framework\GameObject.cpp">
      <Filter>Source Files</Filter>
    </ClCompile>
    <ClCompile Include="Scripts\Gameplay\KrakenEnemy.cpp">
      <Filter>Source Files</Filter>
    </ClCompile>
    <ClCompile Include="Scripts\Gameplay\PlayerBoat.cpp">
      <Filter>Source Files</Filter>
    </ClCompile>
    <ClCompile Include="Scripts\Gameplay\PlayerHome.cpp">
      <Filter>Source Files</Filter>
    </ClCompile>
    <ClCompile Include="Scripts\Gameplay\VortexEnemy.cpp">
      <Filter>Source Files</Filter>
    </ClCompile>
    <ClCompile Include="Scripts\Gameplay\Waypoint.cpp">
      <Filter>Source Files</Filter>
    </ClCompile>
    <ClCompile Include="Scripts\Managers\AudioManager.cpp">
      <Filter>Source Files</Filter>
    </ClCompile>
    <ClCompile Include="Scripts\Managers\CollisionManager.cpp">
      <Filter>Source Files</Filter>
    </ClCompile>
    <ClCompile Include="Scripts\Managers\InputManager.cpp">
      <Filter>Source Files</Filter>
    </ClCompile>
    <ClCompile Include="Scripts\Managers\TextManager.cpp">
      <Filter>Source Files</Filter>
    </ClCompile>
    <ClCompile Include="Scripts\Systems\EnemySpawner.cpp">
      <Filter>Source Files</Filter>
    </ClCompile>
    <ClCompile Include="Scripts\Systems\PickupScatter.cpp">
      <Filter>Source Files</Filter>
    </ClCompile>
    <ClCompile Include="Scripts\Systems\StartScreens.cpp">
      <Filter>Source Files</Filter>
    </ClCompile>
  </ItemGroup>
</Project>